<?xml version="1.0" encoding="utf-8"?>
<Project ToolsVersion="4.0" xmlns="http://schemas.microsoft.com/developer/msbuild/2003">
  <ItemGroup>
    <Filter Include="Source Files">
      <UniqueIdentifier>{4FC737F1-C7A5-4376-A066-2A32D752A2FF}</UniqueIdentifier>
      <Extensions>cpp;c;cc;cxx;c++;cppm;ixx;def;odl;idl;hpj;bat;asm;asmx</Extensions>
    </Filter>
    <Filter Include="Header Files">
      <UniqueIdentifier>{93995380-89BD-4b04-88EB-625FBE52EBFB}</UniqueIdentifier>
      <Extensions>h;hh;hpp;hxx;h++;hm;inl;inc;ipp;xsd</Extensions>
    </Filter>
    <Filter Include="Resource Files">
      <UniqueIdentifier>{67DA6AB6-F800-4c08-8B7A-83BB121AAD01}</UniqueIdentifier>
      <Extensions>rc;ico;cur;bmp;dlg;rc2;rct;bin;rgs;gif;jpg;jpeg;jpe;resx;tiff;tif;png;wav;mfcribbon-ms</Extensions>
    </Filter>
    <Filter Include="Source Files\Huffman">
      <UniqueIdentifier>{980138f5-389c-49df-bf10-ca5a28f7eaf2}</UniqueIdentifier>
    </Filter>
    <Filter Include="Header Files\Huffman">
      <UniqueIdentifier>{11b5ba04-c593-42e9-adae-f78c31c6137f}</UniqueIdentifier>
    </Filter>
    <Filter Include="Header Files\RLE">
      <UniqueIdentifier>{f7eb00f3-112f-446a-b4a3-0b2dee1b2113}</UniqueIdentifier>
    </Filter>
    <Filter Include="Source Files\RLE">
      <UniqueIdentifier>{9ee5ec35-ab93-452a-9e30-9c2b64b69305}</UniqueIdentifier>
    </Filter>
  </ItemGroup>
  <ItemGroup>
    <ClCompile Include="FileCompressor.cpp">
      <Filter>Source Files</Filter>
    </ClCompile>
    <ClCompile Include="Huffman\cmd.cpp">
      <Filter>Source Files\Huffman</Filter>
    </ClCompile>
    <ClCompile Include="RLE\CRLEEncoder.cpp">
      <Filter>Source Files\RLE</Filter>
    </ClCompile>
  </ItemGroup>
  <ItemGroup>
    <ClInclude Include="Huffman\cmd.h">
      <Filter>Header Files\Huffman</Filter>
    </ClInclude>
    <ClInclude Include="Huffman\FileWrapper.h">
      <Filter>Header Files\Huffman</Filter>
    </ClInclude>
    <ClInclude Include="Huffman\ICommand.h">
      <Filter>Header Files\Huffman</Filter>
    </ClInclude>
    <ClInclude Include="RLE\IEncoder.h">
      <Filter>Header Files\RLE</Filter>
    </ClInclude>
    <ClInclude Include="RLE\CRLEEncoder.h">
      <Filter>Header Files\RLE</Filter>
    </ClInclude>
  </ItemGroup>
</Project>